
Microsoft Visual Studio Solution File, Format Version 12.00
# Visual Studio 15
VisualStudioVersion = 15.0.27004.2005
MinimumVisualStudioVersion = 10.0.40219.1
Project("{8BC9CEB8-8B4A-11D0-8D11-00A0C91BC942}") = "Nowy Pojekt 2", "Nowy Pojekt 2\Nowy Pojekt 2.vcxproj", "{667EB3D9-85D0-485C-B103-548D744C3906}"
EndProject
Global
	GlobalSection(SolutionConfigurationPlatforms) = preSolution
		Debug|x64 = Debug|x64
		Debug|x86 = Debug|x86
		Release|x64 = Release|x64
		Release|x86 = Release|x86
	EndGlobalSection
	GlobalSection(ProjectConfigurationPlatforms) = postSolution
		{667EB3D9-85D0-485C-B103-548D744C3906}.Debug|x64.ActiveCfg = Debug|x64
		{667EB3D9-85D0-485C-B103-548D744C3906}.Debug|x64.Build.0 = Debug|x64
		{667EB3D9-85D0-485C-B103-548D744C3906}.Debug|x86.ActiveCfg = Debug|Win32
		{667EB3D9-85D0-485C-B103-548D744C3906}.Debug|x86.Build.0 = Debug|Win32
		{667EB3D9-85D0-485C-B103-548D744C3906}.Release|x64.ActiveCfg = Release|x64
		{667EB3D9-85D0-485C-B103-548D744C3906}.Release|x64.Build.0 = Release|x64
		{667EB3D9-85D0-485C-B103-548D744C3906}.Release|x86.ActiveCfg = Release|Win32
		{667EB3D9-85D0-485C-B103-548D744C3906}.Release|x86.Build.0 = Release|Win32
	EndGlobalSection
	GlobalSection(SolutionProperties) = preSolution
		HideSolutionNode = FALSE
	EndGlobalSection
	GlobalSection(ExtensibilityGlobals) = postSolution
		SolutionGuid = {0BCC138E-E37A-442C-AAA3-F5CBD92474B9}
	EndGlobalSection
EndGlobal
